PODS:
  - Alamofire (5.2.2)
  - RxCocoa (5.1.1):
    - RxRelay (~> 5)
    - RxSwift (~> 5)
  - RxRelay (5.1.1):
    - RxSwift (~> 5)
  - RxSwift (5.1.1)
  - SwiftExtension (2.0.0):
    - SwiftExtension/Core (= 2.0.0)
  - SwiftExtension/Alamofire (2.0.0):
    - Alamofire
  - SwiftExtension/Core (2.0.0):
    - SwiftExtension/Extension
    - SwiftExtension/Utils
  - SwiftExtension/Extension (2.0.0)
  - SwiftExtension/Utils (2.0.0)
  - SwiftLint (0.40.3)

DEPENDENCIES:
  - Alamofire
  - RxCocoa
  - RxSwift
  - SwiftExtension (from `https://gitlab.com/jpcrespi/swift-extension.git`)
  - SwiftExtension/Alamofire (from `https://gitlab.com/jpcrespi/swift-extension.git`)
  - SwiftLint

SPEC REPOS:
  trunk:
    - Alamofire
    - RxCocoa
    - RxRelay
    - RxSwift
    - SwiftLint

EXTERNAL SOURCES:
  SwiftExtension:
    :git: https://gitlab.com/jpcrespi/swift-extension.git

CHECKOUT OPTIONS:
  SwiftExtension:
    :commit: c5c2611d6690d226509c514f0e60006d1ef18b7f
    :git: https://gitlab.com/jpcrespi/swift-extension.git

SPEC CHECKSUMS:
  Alamofire: 814429acc853c6c54ff123fc3d2ef66803823ce0
  RxCocoa: 32065309a38d29b5b0db858819b5bf9ef038b601
  RxRelay: d77f7d771495f43c556cbc43eebd1bb54d01e8e9
  RxSwift: 81470a2074fa8780320ea5fe4102807cb7118178
  SwiftExtension: a8e1a0af757eef9aab17b0a75f85c5243af8059b
  SwiftLint: dfd554ff0dff17288ee574814ccdd5cea85d76f7

PODFILE CHECKSUM: 5a6eba9cdada3a6ac7a881a379c310370fe19801

COCOAPODS: 1.9.3
